# THIS IS AN AUTOGENERATED FILE. DO NOT EDIT THIS FILE DIRECTLY.
# yarn lockfile v1


"@babel/runtime@^7.18.9", "@babel/runtime@^7.19.0":
  version "7.19.0"
  resolved "https://registry.yarnpkg.com/@babel/runtime/-/runtime-7.19.0.tgz#22b11c037b094d27a8a2504ea4dcff00f50e2259"
  integrity sha512-eR8Lo9hnDS7tqkO7NsV+mKvCmv5boaXFSZ70DnfhcgiEne8hv9oCEd36Klw74EtizEqLsy4YnW8UWwpBVolHZA==
  dependencies:
    regenerator-runtime "^0.13.4"

"@noble/hashes@1.1.2":
  version "1.1.2"
  resolved "https://registry.yarnpkg.com/@noble/hashes/-/hashes-1.1.2.tgz#e9e035b9b166ca0af657a7848eb2718f0f22f183"
  integrity sha512-KYRCASVTv6aeUi1tsF8/vpyR7zpfs3FUzy2Jqm+MU+LmUKhQ0y2FpfwqkCcxSg2ua4GALJd8k2R76WxwZGbQpA==

"@noble/secp256k1@1.7.0":
  version "1.7.0"
  resolved "https://registry.yarnpkg.com/@noble/secp256k1/-/secp256k1-1.7.0.tgz#d15357f7c227e751d90aa06b05a0e5cf993ba8c1"
  integrity sha512-kbacwGSsH/CTout0ZnZWxnW1B+jH/7r/WAAKLBtrRJ/+CUH7lgmQzl3GTrQua3SGKWNSDsS6lmjnDpIJ5Dxyaw==

"@polkadot/api-augment@9.4.3":
  version "9.4.3"
  resolved "https://registry.yarnpkg.com/@polkadot/api-augment/-/api-augment-9.4.3.tgz#8d325e3686ea6bad92f0089af062649d33313afd"
  integrity sha512-w1iAdfpHprQiPkk9s98vRFqf9AJ70GoheGAEqO6p7JKYoutPlA8Pg8NiacwiCWW464zdbRn/T2/fWGtn8Iv27A==
  dependencies:
    "@babel/runtime" "^7.19.0"
    "@polkadot/api-base" "9.4.3"
    "@polkadot/rpc-augment" "9.4.3"
    "@polkadot/types" "9.4.3"
    "@polkadot/types-augment" "9.4.3"
    "@polkadot/types-codec" "9.4.3"
    "@polkadot/util" "^10.1.9"

"@polkadot/api-base@9.4.3":
  version "9.4.3"
  resolved "https://registry.yarnpkg.com/@polkadot/api-base/-/api-base-9.4.3.tgz#3569be5099a3dfd9e2fa92478e2cf5dbf5738062"
  integrity sha512-gYzf7LIcKo/rEGlXgoMOS619srcTmyD7wwZ9b0xh/Xg0vHPyUi8OVs3i4SRQrXS8KSVuZzBCrqALPytXmV0xdg==
  dependencies:
    "@babel/runtime" "^7.19.0"
    "@polkadot/rpc-core" "9.4.3"
    "@polkadot/types" "9.4.3"
    "@polkadot/util" "^10.1.9"
    rxjs "^7.5.7"

"@polkadot/api-contract@^9.4.3":
  version "9.4.3"
  resolved "https://registry.yarnpkg.com/@polkadot/api-contract/-/api-contract-9.4.3.tgz#082382bef964f4a88583e931208d355a2e9e5a5a"
  integrity sha512-PnBZyUgaLf7DGHkfrRrYISGRXLpZXykJj3L6KKcMrZL7MgiPvyhYzNVXCTmhGOjPQxhaYUDk8VPWmArLf8qT2Q==
  dependencies:
    "@babel/runtime" "^7.19.0"
    "@polkadot/api" "9.4.3"
    "@polkadot/types" "9.4.3"
    "@polkadot/types-codec" "9.4.3"
    "@polkadot/types-create" "9.4.3"
    "@polkadot/util" "^10.1.9"
    "@polkadot/util-crypto" "^10.1.9"
    rxjs "^7.5.7"

"@polkadot/api-derive@9.4.3":
  version "9.4.3"
  resolved "https://registry.yarnpkg.com/@polkadot/api-derive/-/api-derive-9.4.3.tgz#abff31ce81a45ae05a5a54c1430ec7b88e49cbc6"
  integrity sha512-6lKjJs93ucSF/mmljG32TcWq4gg35MimbuXxDYwNYXwuGm6ocN0auWp6Opg+DGLuwapfHhkOyZxSBVWi37gjEQ==
  dependencies:
    "@babel/runtime" "^7.19.0"
    "@polkadot/api" "9.4.3"
    "@polkadot/api-augment" "9.4.3"
    "@polkadot/api-base" "9.4.3"
    "@polkadot/rpc-core" "9.4.3"
    "@polkadot/types" "9.4.3"
    "@polkadot/types-codec" "9.4.3"
    "@polkadot/util" "^10.1.9"
    "@polkadot/util-crypto" "^10.1.9"
    rxjs "^7.5.7"

"@polkadot/api@9.4.3", "@polkadot/api@^9.4.3":
  version "9.4.3"
  resolved "https://registry.yarnpkg.com/@polkadot/api/-/api-9.4.3.tgz#ce0e6f91c1871aaa76267f10244b1194d31364f9"
  integrity sha512-vbeWW2tyntAmWllUqnOwlaprFT+5o8a0uP0Qkz5QfLslUFZtxhHhLWtQWVtJnoqC5FN10ZybDkUGFlsxNsvwgg==
  dependencies:
    "@babel/runtime" "^7.19.0"
    "@polkadot/api-augment" "9.4.3"
    "@polkadot/api-base" "9.4.3"
    "@polkadot/api-derive" "9.4.3"
    "@polkadot/keyring" "^10.1.9"
    "@polkadot/rpc-augment" "9.4.3"
    "@polkadot/rpc-core" "9.4.3"
    "@polkadot/rpc-provider" "9.4.3"
    "@polkadot/types" "9.4.3"
    "@polkadot/types-augment" "9.4.3"
    "@polkadot/types-codec" "9.4.3"
    "@polkadot/types-create" "9.4.3"
    "@polkadot/types-known" "9.4.3"
    "@polkadot/util" "^10.1.9"
    "@polkadot/util-crypto" "^10.1.9"
    eventemitter3 "^4.0.7"
    rxjs "^7.5.7"

"@polkadot/keyring@^10.1.9":
  version "10.1.9"
  resolved "https://registry.yarnpkg.com/@polkadot/keyring/-/keyring-10.1.9.tgz#56c4e31e8cdb9ebcdf992c19603ee53a4c90451c"
  integrity sha512-oUYhvfOCzyMA+SJ+O5BasQYYalmMkVBRHADASFNAxVBMbOl1DKNQx3tgpUZlbA95UzRPjKbV0RplhAIzb5CzVQ==
  dependencies:
    "@babel/runtime" "^7.19.0"
    "@polkadot/util" "10.1.9"
    "@polkadot/util-crypto" "10.1.9"

"@polkadot/networks@10.1.9", "@polkadot/networks@^10.1.9":
  version "10.1.9"
  resolved "https://registry.yarnpkg.com/@polkadot/networks/-/networks-10.1.9.tgz#37e789dd13c683b3e8cdc16edff4983d5f94e28f"
  integrity sha512-38bYoXYszJMTRSvhJOkfKXlIyTiFjJ1ZG7cyMYBOi1YtO9USd4lH0gknVfqXa1dyPyNvsOwI5RCKGFjbx2BEAw==
  dependencies:
    "@babel/runtime" "^7.19.0"
    "@polkadot/util" "10.1.9"
    "@substrate/ss58-registry" "^1.29.1"

"@polkadot/rpc-augment@9.4.3":
  version "9.4.3"
  resolved "https://registry.yarnpkg.com/@polkadot/rpc-augment/-/rpc-augment-9.4.3.tgz#7dd1767bdbabe74539e561441d11b3bef5bed829"
  integrity sha512-j4oFAPfP+AyQVb1rl8Jbj5k0UqfZyHUy0+CLHtu/Q0S9Wk0R1SDPACpI+93H0DjwYAFfsxbRMhloAH1IJWD5uA==
  dependencies:
    "@babel/runtime" "^7.19.0"
    "@polkadot/rpc-core" "9.4.3"
    "@polkadot/types" "9.4.3"
    "@polkadot/types-codec" "9.4.3"
    "@polkadot/util" "^10.1.9"

"@polkadot/rpc-core@9.4.3":
  version "9.4.3"
  resolved "https://registry.yarnpkg.com/@polkadot/rpc-core/-/rpc-core-9.4.3.tgz#9e35d312c8ba56a12c526e90dc2307720db43d67"
  integrity sha512-xTU33bNnqdLaaCFdGnoxY03rmmgUKH/2JoEa+fBRvt9RPc7KuanWSKSeHieekZXSgCXBJ3zbfStyo43klg74OQ==
  dependencies:
    "@babel/runtime" "^7.19.0"
    "@polkadot/rpc-augment" "9.4.3"
    "@polkadot/rpc-provider" "9.4.3"
    "@polkadot/types" "9.4.3"
    "@polkadot/util" "^10.1.9"
    rxjs "^7.5.7"

"@polkadot/rpc-provider@9.4.3":
  version "9.4.3"
  resolved "https://registry.yarnpkg.com/@polkadot/rpc-provider/-/rpc-provider-9.4.3.tgz#ecd114f2a9146706bf48ed0e32012eb5eed89e5d"
  integrity sha512-8HCkwlDnH6Y6WNT0Yg8e6YM5Wk+GacnO906nhtHByR2MRL8ugvLRb0x97PSPrR+NYs+ecYUURFkRy0fujuFcHQ==
  dependencies:
    "@babel/runtime" "^7.19.0"
    "@polkadot/keyring" "^10.1.9"
    "@polkadot/types" "9.4.3"
    "@polkadot/types-support" "9.4.3"
    "@polkadot/util" "^10.1.9"
    "@polkadot/util-crypto" "^10.1.9"
    "@polkadot/x-fetch" "^10.1.9"
    "@polkadot/x-global" "^10.1.9"
    "@polkadot/x-ws" "^10.1.9"
    "@substrate/connect" "0.7.14"
    eventemitter3 "^4.0.7"
    mock-socket "^9.1.5"
    nock "^13.2.9"

"@polkadot/types-augment@9.4.3":
  version "9.4.3"
  resolved "https://registry.yarnpkg.com/@polkadot/types-augment/-/types-augment-9.4.3.tgz#b703064e5f5d25be007791c95fd7b5084a43d810"
  integrity sha512-TvN3vhUVylFyWGHHXOO4/iHIFW6EXHLBlIBC7YhUQc0dZOD+mKjnNblEtDY/GazlwBQjq9bhXcoH0S6KIpiSIg==
  dependencies:
    "@babel/runtime" "^7.19.0"
    "@polkadot/types" "9.4.3"
    "@polkadot/types-codec" "9.4.3"
    "@polkadot/util" "^10.1.9"

"@polkadot/types-codec@9.4.3":
  version "9.4.3"
  resolved "https://registry.yarnpkg.com/@polkadot/types-codec/-/types-codec-9.4.3.tgz#86476832f03141b5cb8f31298b06cc4f3f369f2d"
  integrity sha512-x0BJZxcPyollDx9urF7rAfDdKHZXe150p9op2if8fw02LNTDGGsrWLw7DD8ISNwXbtL8L+N1ipc0mVqfsHg+Aw==
  dependencies:
    "@babel/runtime" "^7.19.0"
    "@polkadot/util" "^10.1.9"
    "@polkadot/x-bigint" "^10.1.9"

"@polkadot/types-create@9.4.3":
  version "9.4.3"
  resolved "https://registry.yarnpkg.com/@polkadot/types-create/-/types-create-9.4.3.tgz#adaf4ff8429dea496493b7d2da610b65468642b5"
  integrity sha512-kx5Yccp/I4RrtbOo3+iFJSVDwbl0Y9Xm0B4p7khYkKUHAbNuuFZMMnnMru2hOTWDgpQPN6Fbixt9pdy4TD6Xnw==
  dependencies:
    "@babel/runtime" "^7.19.0"
    "@polkadot/types-codec" "9.4.3"
    "@polkadot/util" "^10.1.9"

"@polkadot/types-known@9.4.3":
  version "9.4.3"
  resolved "https://registry.yarnpkg.com/@polkadot/types-known/-/types-known-9.4.3.tgz#7bc1b65c16b8b028d02712d953658e0dd53cef08"
  integrity sha512-JoIC31If1tLhz4ykNCcJCJGEuufJo7c880vCDLzdYn/OCxxHvdrUeNAFZu0ua/QNHNpT7Pl24NGUrE2QfmZbRg==
  dependencies:
    "@babel/runtime" "^7.19.0"
    "@polkadot/networks" "^10.1.9"
    "@polkadot/types" "9.4.3"
    "@polkadot/types-codec" "9.4.3"
    "@polkadot/types-create" "9.4.3"
    "@polkadot/util" "^10.1.9"

"@polkadot/types-support@9.4.3":
  version "9.4.3"
  resolved "https://registry.yarnpkg.com/@polkadot/types-support/-/types-support-9.4.3.tgz#1f6a6b06d24ef170be60191e81bf0be0c64f2bb1"
  integrity sha512-PCIHVj40A5qgUQJHOM4BpeVwXPVNo0PNeVVWMPPLdnUMr3hX8dqCjZnWAUizgTICJ5EutCLL5wKP6/JBZmmWsA==
  dependencies:
    "@babel/runtime" "^7.19.0"
    "@polkadot/util" "^10.1.9"

"@polkadot/types@9.4.3":
  version "9.4.3"
  resolved "https://registry.yarnpkg.com/@polkadot/types/-/types-9.4.3.tgz#eaa00deecf080fc527ffcb928c14122e5a9cf2bc"
  integrity sha512-SXHih0+TajRAZAl+uuFPpy/TxySX8oYvYg67FwRclqNsHc1Qwj5JFs0HJtuf60UkvPGqbQpNek5ND6O1VBHHQA==
  dependencies:
    "@babel/runtime" "^7.19.0"
    "@polkadot/keyring" "^10.1.9"
    "@polkadot/types-augment" "9.4.3"
    "@polkadot/types-codec" "9.4.3"
    "@polkadot/types-create" "9.4.3"
    "@polkadot/util" "^10.1.9"
    "@polkadot/util-crypto" "^10.1.9"
    rxjs "^7.5.7"

"@polkadot/util-crypto@10.1.9", "@polkadot/util-crypto@^10.1.9":
  version "10.1.9"
  resolved "https://registry.yarnpkg.com/@polkadot/util-crypto/-/util-crypto-10.1.9.tgz#807ffd4c8bb20ffe6eb446a74a3a8725c845acf1"
  integrity sha512-wmrT5M8dOaSklnKwk7Wg6TjJzLYm5YCVJW97ziz5ulfN7LFbOwtPQ3fpk6uzBmnrRNXpI5hjYzzTKEyHrZZqhA==
  dependencies:
    "@babel/runtime" "^7.19.0"
    "@noble/hashes" "1.1.2"
    "@noble/secp256k1" "1.7.0"
    "@polkadot/networks" "10.1.9"
    "@polkadot/util" "10.1.9"
    "@polkadot/wasm-crypto" "^6.3.1"
    "@polkadot/x-bigint" "10.1.9"
    "@polkadot/x-randomvalues" "10.1.9"
    "@scure/base" "1.1.1"
    ed2curve "^0.3.0"
    tweetnacl "^1.0.3"

"@polkadot/util@10.1.9", "@polkadot/util@^10.1.9":
  version "10.1.9"
  resolved "https://registry.yarnpkg.com/@polkadot/util/-/util-10.1.9.tgz#0280a830881ccb4c7c428ef8b5669db87c16d71b"
  integrity sha512-nbXE7dqfsP38uHwMXBoL5s2x+5PXsGZIfWa0bjCdy6RwF6btqFTo7ryi0kzkco/kil0EZ3QaB+EJxVVaAwX2bA==
  dependencies:
    "@babel/runtime" "^7.19.0"
    "@polkadot/x-bigint" "10.1.9"
    "@polkadot/x-global" "10.1.9"
    "@polkadot/x-textdecoder" "10.1.9"
    "@polkadot/x-textencoder" "10.1.9"
    "@types/bn.js" "^5.1.1"
    bn.js "^5.2.1"

"@polkadot/wasm-bridge@6.3.1":
  version "6.3.1"
  resolved "https://registry.yarnpkg.com/@polkadot/wasm-bridge/-/wasm-bridge-6.3.1.tgz#439fa78e80947a7cb695443e1f64b25c30bb1487"
  integrity sha512-1TYkHsb9AEFhU9uZj3biEnN2yKQNzdrwSjiTvfCYnt97pnEkKsZI6cku+YPZQv5w/x9CQa5Yua9e2DVVZSivGA==
  dependencies:
    "@babel/runtime" "^7.18.9"

"@polkadot/wasm-crypto-asmjs@6.3.1":
  version "6.3.1"
  resolved "https://registry.yarnpkg.com/@polkadot/wasm-crypto-asmjs/-/wasm-crypto-asmjs-6.3.1.tgz#e8f469c9cf4a7709c8131a96f857291953f3e30a"
  integrity sha512-zbombRfA5v/mUWQQhgg2YwaxhRmxRIrvskw65x+lruax3b6xPBFDs7yplopiJU3r8h2pTgQvX/DUksvqz2TCRQ==
  dependencies:
    "@babel/runtime" "^7.18.9"

"@polkadot/wasm-crypto-init@6.3.1":
  version "6.3.1"
  resolved "https://registry.yarnpkg.com/@polkadot/wasm-crypto-init/-/wasm-crypto-init-6.3.1.tgz#b590220c53c94b9a54d5dc236d0cbe943db76706"
  integrity sha512-9yaUBcu+snwjJLmPPGl3cyGRQ1afyFGm16qzTM0sgG/ZCfUlK4uk8KWZe+sBUKgoxb2oXY7Y4WklKgQI1YBdfw==
  dependencies:
    "@babel/runtime" "^7.18.9"
    "@polkadot/wasm-bridge" "6.3.1"
    "@polkadot/wasm-crypto-asmjs" "6.3.1"
    "@polkadot/wasm-crypto-wasm" "6.3.1"

"@polkadot/wasm-crypto-wasm@6.3.1":
  version "6.3.1"
  resolved "https://registry.yarnpkg.com/@polkadot/wasm-crypto-wasm/-/wasm-crypto-wasm-6.3.1.tgz#67f720e7f9694fef096abe9d60abbac02e032383"
  integrity sha512-idSlzKGVzCfeCMRHsacRvqwojSaTadFxL/Dbls4z1thvfa3U9Ku0d2qVtlwg7Hj+tYWDiuP8Kygs+6bQwfs0XA==
  dependencies:
    "@babel/runtime" "^7.18.9"
    "@polkadot/wasm-util" "6.3.1"

"@polkadot/wasm-crypto@^6.3.1":
  version "6.3.1"
  resolved "https://registry.yarnpkg.com/@polkadot/wasm-crypto/-/wasm-crypto-6.3.1.tgz#63f5798aca2b2ff0696f190e6862d9781d8f280c"
  integrity sha512-OO8h0qeVkqp4xYZaRVl4iuWOEtq282pNBHDKb6SOJuI2g59eWGcKh4EQU9Me2VP6qzojIqptrkrVt7KQXC68gA==
  dependencies:
    "@babel/runtime" "^7.18.9"
    "@polkadot/wasm-bridge" "6.3.1"
    "@polkadot/wasm-crypto-asmjs" "6.3.1"
    "@polkadot/wasm-crypto-init" "6.3.1"
    "@polkadot/wasm-crypto-wasm" "6.3.1"
    "@polkadot/wasm-util" "6.3.1"

"@polkadot/wasm-util@6.3.1":
  version "6.3.1"
  resolved "https://registry.yarnpkg.com/@polkadot/wasm-util/-/wasm-util-6.3.1.tgz#439ebb68a436317af388ed6438b8f879df3afcda"
  integrity sha512-12oAv5J7Yoc9m6jixrSaQCxpOkWOyzHx3DMC8qmLjRiwdBWxqLmImOVRVnFsbaxqSbhBIHRuJphVxWE+GZETDg==
  dependencies:
    "@babel/runtime" "^7.18.9"

"@polkadot/x-bigint@10.1.9", "@polkadot/x-bigint@^10.1.9":
  version "10.1.9"
  resolved "https://registry.yarnpkg.com/@polkadot/x-bigint/-/x-bigint-10.1.9.tgz#d8b450df90f3cb0e2b1f2583d35a184cc3d6ad50"
  integrity sha512-1iA30V8+FdVK0I1kRSShTV/XgjBtC5Gl2EQl2Z9rrkK27mtjgIr14hD4nFfM176UgKvERinfDXzzRFU/p5w/Mg==
  dependencies:
    "@babel/runtime" "^7.19.0"
    "@polkadot/x-global" "10.1.9"

"@polkadot/x-fetch@^10.1.9":
  version "10.1.9"
  resolved "https://registry.yarnpkg.com/@polkadot/x-fetch/-/x-fetch-10.1.9.tgz#fdeae17785679016d0a057ea7cdb9a4f981d8dab"
  integrity sha512-ME74MOakXz+SStzUq3tLF7Pds4GSQ/R7WA1I84F35Hn2mTkNjQ2vh37Iusk844K3ZwnwSf/f5bF+CXAEhlTlFQ==
  dependencies:
    "@babel/runtime" "^7.19.0"
    "@polkadot/x-global" "10.1.9"
    "@types/node-fetch" "^2.6.2"
    node-fetch "^3.2.10"

"@polkadot/x-global@10.1.9", "@polkadot/x-global@^10.1.9":
  version "10.1.9"
  resolved "https://registry.yarnpkg.com/@polkadot/x-global/-/x-global-10.1.9.tgz#a2a380ed7816cfc553ca9b73dc401c36fbafaaef"
  integrity sha512-arsQEUbUccEI8pt0Bngk66vpJlMC/sZ38xivwrR8MVi2u8FdWFwb7udvwGRbXujHmPgGfRqxQujheKSR3d2ToA==
  dependencies:
    "@babel/runtime" "^7.19.0"

"@polkadot/x-randomvalues@10.1.9":
  version "10.1.9"
  resolved "https://registry.yarnpkg.com/@polkadot/x-randomvalues/-/x-randomvalues-10.1.9.tgz#a2c769b6090d768590bed5d32d8c1b4415e695c9"
  integrity sha512-owSk4vVuy18kZI+L8pLV8Zt8Blsv0BM7j0VcNu4q6gdsduU4a5entGr3t2a3P4dj3hU65B4KgbSy516y//jMng==
  dependencies:
    "@babel/runtime" "^7.19.0"
    "@polkadot/x-global" "10.1.9"

"@polkadot/x-textdecoder@10.1.9":
  version "10.1.9"
  resolved "https://registry.yarnpkg.com/@polkadot/x-textdecoder/-/x-textdecoder-10.1.9.tgz#25cf4947626a96373b18a29a37f8761cc1de3b04"
  integrity sha512-RSe1qgbaJ6+dnmKR+yIYt9uKfZreJQns1sSQBJra49xBk2ImQmon7wwu19TjycR6kCEdI2WGRdZaa8kkrgIsYQ==
  dependencies:
    "@babel/runtime" "^7.19.0"
    "@polkadot/x-global" "10.1.9"

"@polkadot/x-textencoder@10.1.9":
  version "10.1.9"
  resolved "https://registry.yarnpkg.com/@polkadot/x-textencoder/-/x-textencoder-10.1.9.tgz#81f169b783e72185c5f907afc2b918b1c80d2b21"
  integrity sha512-IXW4+G2r6wTpcxCGi2PeGd1aQRv0+FsgD9L7FDVjCejdgk6W87knIAaFTTYEmIF/x1clUqhw3c5Gxb0lUOchUw==
  dependencies:
    "@babel/runtime" "^7.19.0"
    "@polkadot/x-global" "10.1.9"

"@polkadot/x-ws@^10.1.9":
  version "10.1.9"
  resolved "https://registry.yarnpkg.com/@polkadot/x-ws/-/x-ws-10.1.9.tgz#a79a0bd8cbed6b9d5e0a28474d04a969d18492e4"
  integrity sha512-8LjCOfTj496vp2uwolIWUAmEJEd2fcSyuXeoW/Np2lA2ac9VUNg1Elwq9jaC1ajsxH7ywWuywsndewvVlDvHUg==
  dependencies:
    "@babel/runtime" "^7.19.0"
    "@polkadot/x-global" "10.1.9"
    "@types/websocket" "^1.0.5"
    websocket "^1.0.34"

"@scure/base@1.1.1":
  version "1.1.1"
  resolved "https://registry.yarnpkg.com/@scure/base/-/base-1.1.1.tgz#ebb651ee52ff84f420097055f4bf46cfba403938"
  integrity sha512-ZxOhsSyxYwLJj3pLZCefNitxsj093tb2vq90mp2txoYeBqbcjDjqFhyM8eUjq/uFm6zJ+mUuqxlS2FkuSY1MTA==

"@substrate/connect-extension-protocol@^1.0.1":
  version "1.0.1"
  resolved "https://registry.yarnpkg.com/@substrate/connect-extension-protocol/-/connect-extension-protocol-1.0.1.tgz#fa5738039586c648013caa6a0c95c43265dbe77d"
  integrity sha512-161JhCC1csjH3GE5mPLEd7HbWtwNSPJBg3p1Ksz9SFlTzj/bgEwudiRN2y5i0MoLGCIJRYKyKGMxVnd29PzNjg==

"@substrate/connect@0.7.14":
  version "0.7.14"
  resolved "https://registry.yarnpkg.com/@substrate/connect/-/connect-0.7.14.tgz#c090e952e9cdd93185a94d24fbc424ea20fe7bbe"
  integrity sha512-uW5uBmihpivshmmmw+rsg7qOV0KqVSep4rWOXFMP8aFQinvmqw4JqxP21og4H/7JZxttYUBFQVsdtXHGKJ0aVQ==
  dependencies:
    "@substrate/connect-extension-protocol" "^1.0.1"
    "@substrate/smoldot-light" "0.6.34"
    eventemitter3 "^4.0.7"

"@substrate/smoldot-light@0.6.34":
  version "0.6.34"
  resolved "https://registry.yarnpkg.com/@substrate/smoldot-light/-/smoldot-light-0.6.34.tgz#273dba622102281fd0fdb0e375198bff2ec584c3"
  integrity sha512-+HK9MaJ0HelJmpf4YYR+salJ7dhVBltmhGlyz5l8OXS9DW18fe0Z2wxEo8P5kX9CUxlCXEb8J9JBRQAYBPHbwQ==
  dependencies:
    pako "^2.0.4"
    ws "^8.8.1"

"@substrate/ss58-registry@^1.29.1":
  version "1.31.0"
  resolved "https://registry.yarnpkg.com/@substrate/ss58-registry/-/ss58-registry-1.31.0.tgz#489e3a496081dc3ee7ef5ef2eb513962d5d29351"
  integrity sha512-OSOmdjaq9foXfHBy9aLVMwGheygvsiZlv4dggnLOYOuhSmNCsSB/PaW4DBz+/tSdK1Fo9+ZiFW6cF24RA+m0sw==

"@types/bn.js@^5.1.1":
  version "5.1.1"
  resolved "https://registry.yarnpkg.com/@types/bn.js/-/bn.js-5.1.1.tgz#b51e1b55920a4ca26e9285ff79936bbdec910682"
  integrity sha512-qNrYbZqMx0uJAfKnKclPh+dTwK33KfLHYqtyODwd5HnXOjnkhc4qgn3BrK6RWyGZm5+sIFE7Q7Vz6QQtJB7w7g==
  dependencies:
    "@types/node" "*"

"@types/node-fetch@^2.6.2":
  version "2.6.2"
  resolved "https://registry.yarnpkg.com/@types/node-fetch/-/node-fetch-2.6.2.tgz#d1a9c5fd049d9415dce61571557104dec3ec81da"
  integrity sha512-DHqhlq5jeESLy19TYhLakJ07kNumXWjcDdxXsLUMJZ6ue8VZJj4kLPQVE/2mdHh3xZziNF1xppu5lwmS53HR+A==
  dependencies:
    "@types/node" "*"
    form-data "^3.0.0"

"@types/node@*":
  version "18.8.2"
  resolved "https://registry.yarnpkg.com/@types/node/-/node-18.8.2.tgz#17d42c6322d917764dd3d2d3a10d7884925de067"
  integrity sha512-cRMwIgdDN43GO4xMWAfJAecYn8wV4JbsOGHNfNUIDiuYkUYAR5ec4Rj7IO2SAhFPEfpPtLtUTbbny/TCT7aDwA==

"@types/websocket@^1.0.5":
  version "1.0.5"
  resolved "https://registry.yarnpkg.com/@types/websocket/-/websocket-1.0.5.tgz#3fb80ed8e07f88e51961211cd3682a3a4a81569c"
  integrity sha512-NbsqiNX9CnEfC1Z0Vf4mE1SgAJ07JnRYcNex7AJ9zAVzmiGHmjKFEk7O4TJIsgv2B1sLEb6owKFZrACwdYngsQ==
  dependencies:
    "@types/node" "*"

asynckit@^0.4.0:
  version "0.4.0"
  resolved "https://registry.yarnpkg.com/asynckit/-/asynckit-0.4.0.tgz#c79ed97f7f34cb8f2ba1bc9790bcc366474b4b79"
  integrity sha512-Oei9OH4tRh0YqU3GxhX79dM/mwVgvbZJaSNaRk+bshkj0S5cfHcgYakreBjrHwatXKbz+IoIdYLxrKim2MjW0Q==

bn.js@^5.2.1:
  version "5.2.1"
  resolved "https://registry.yarnpkg.com/bn.js/-/bn.js-5.2.1.tgz#0bc527a6a0d18d0aa8d5b0538ce4a77dccfa7b70"
  integrity sha512-eXRvHzWyYPBuB4NBy0cmYQjGitUrtqwbvlzP3G6VFnNRbsZQIxQ10PbKKHt8gZ/HW/D/747aDl+QkDqg3KQLMQ==

bufferutil@^4.0.1:
  version "4.0.6"
  resolved "https://registry.yarnpkg.com/bufferutil/-/bufferutil-4.0.6.tgz#ebd6c67c7922a0e902f053e5d8be5ec850e48433"
  integrity sha512-jduaYOYtnio4aIAyc6UbvPCVcgq7nYpVnucyxr6eCYg/Woad9Hf/oxxBRDnGGjPfjUm6j5O/uBWhIu4iLebFaw==
  dependencies:
    node-gyp-build "^4.3.0"

combined-stream@^1.0.8:
  version "1.0.8"
  resolved "https://registry.yarnpkg.com/combined-stream/-/combined-stream-1.0.8.tgz#c3d45a8b34fd730631a110a8a2520682b31d5a7f"
  integrity sha512-FQN4MRfuJeHf7cBbBMJFXhKSDq+2kAArBlmRBvcvFE5BB1HZKXtSFASDhdlz9zOYwxh8lDdnvmMOe/+5cdoEdg==
  dependencies:
    delayed-stream "~1.0.0"

d@1, d@^1.0.1:
  version "1.0.1"
  resolved "https://registry.yarnpkg.com/d/-/d-1.0.1.tgz#8698095372d58dbee346ffd0c7093f99f8f9eb5a"
  integrity sha512-m62ShEObQ39CfralilEQRjH6oAMtNCV1xJyEx5LpRYUVN+EviphDgUc/F3hnYbADmkiNs67Y+3ylmlG7Lnu+FA==
  dependencies:
    es5-ext "^0.10.50"
    type "^1.0.1"

data-uri-to-buffer@^4.0.0:
  version "4.0.0"
  resolved "https://registry.yarnpkg.com/data-uri-to-buffer/-/data-uri-to-buffer-4.0.0.tgz#b5db46aea50f6176428ac05b73be39a57701a64b"
  integrity sha512-Vr3mLBA8qWmcuschSLAOogKgQ/Jwxulv3RNE4FXnYWRGujzrRWQI4m12fQqRkwX06C0KanhLr4hK+GydchZsaA==

debug@^2.2.0:
  version "2.6.9"
  resolved "https://registry.yarnpkg.com/debug/-/debug-2.6.9.tgz#5d128515df134ff327e90a4c93f4e077a536341f"
  integrity sha512-bC7ElrdJaJnPbAP+1EotYvqZsb3ecl5wi6Bfi6BJTUcNowp6cvspg0jXznRTKDjm/E7AdgFBVeAPVMNcKGsHMA==
  dependencies:
    ms "2.0.0"

debug@^4.1.0:
  version "4.3.4"
  resolved "https://registry.yarnpkg.com/debug/-/debug-4.3.4.tgz#1319f6579357f2338d3337d2cdd4914bb5dcc865"
  integrity sha512-PRWFHuSU3eDtQJPvnNY7Jcket1j0t5OuOsFzPPzsekD52Zl8qUfFIPEiswXqIvHWGVHOgX+7G/vCNNhehwxfkQ==
  dependencies:
    ms "2.1.2"

delayed-stream@~1.0.0:
  version "1.0.0"
  resolved "https://registry.yarnpkg.com/delayed-stream/-/delayed-stream-1.0.0.tgz#df3ae199acadfb7d440aaae0b29e2272b24ec619"
  integrity sha512-ZySD7Nf91aLB0RxL4KGrKHBXl7Eds1DAmEdcoVawXnLD7SDhpNgtuII2aAkg7a7QS41jxPSZ17p4VdGnMHk3MQ==

ed2curve@^0.3.0:
  version "0.3.0"
  resolved "https://registry.yarnpkg.com/ed2curve/-/ed2curve-0.3.0.tgz#322b575152a45305429d546b071823a93129a05d"
  integrity sha512-8w2fmmq3hv9rCrcI7g9hms2pMunQr1JINfcjwR9tAyZqhtyaMN991lF/ZfHfr5tzZQ8c7y7aBgZbjfbd0fjFwQ==
  dependencies:
    tweetnacl "1.x.x"

es5-ext@^0.10.35, es5-ext@^0.10.50:
  version "0.10.62"
  resolved "https://registry.yarnpkg.com/es5-ext/-/es5-ext-0.10.62.tgz#5e6adc19a6da524bf3d1e02bbc8960e5eb49a9a5"
  integrity sha512-BHLqn0klhEpnOKSrzn/Xsz2UIW8j+cGmo9JLzr8BiUapV8hPL9+FliFqjwr9ngW7jWdnxv6eO+/LqyhJVqgrjA==
  dependencies:
    es6-iterator "^2.0.3"
    es6-symbol "^3.1.3"
    next-tick "^1.1.0"

es6-iterator@^2.0.3:
  version "2.0.3"
  resolved "https://registry.yarnpkg.com/es6-iterator/-/es6-iterator-2.0.3.tgz#a7de889141a05a94b0854403b2d0a0fbfa98f3b7"
  integrity sha512-zw4SRzoUkd+cl+ZoE15A9o1oQd920Bb0iOJMQkQhl3jNc03YqVjAhG7scf9C5KWRU/R13Orf588uCC6525o02g==
  dependencies:
    d "1"
    es5-ext "^0.10.35"
    es6-symbol "^3.1.1"

es6-symbol@^3.1.1, es6-symbol@^3.1.3:
  version "3.1.3"
  resolved "https://registry.yarnpkg.com/es6-symbol/-/es6-symbol-3.1.3.tgz#bad5d3c1bcdac28269f4cb331e431c78ac705d18"
  integrity sha512-NJ6Yn3FuDinBaBRWl/q5X/s4koRHBrgKAu+yGI6JCBeiu3qrcbJhwT2GeR/EXVfylRk8dpQVJoLEFhK+Mu31NA==
  dependencies:
    d "^1.0.1"
    ext "^1.1.2"

eventemitter3@^4.0.7:
  version "4.0.7"
  resolved "https://registry.yarnpkg.com/eventemitter3/-/eventemitter3-4.0.7.tgz#2de9b68f6528d5644ef5c59526a1b4a07306169f"
  integrity sha512-8guHBZCwKnFhYdHr2ysuRWErTwhoN2X8XELRlrRwpmfeY2jjuUN4taQMsULKUVo1K4DvZl+0pgfyoysHxvmvEw==

ext@^1.1.2:
  version "1.7.0"
  resolved "https://registry.yarnpkg.com/ext/-/ext-1.7.0.tgz#0ea4383c0103d60e70be99e9a7f11027a33c4f5f"
  integrity sha512-6hxeJYaL110a9b5TEJSj0gojyHQAmA2ch5Os+ySCiA1QGdS697XWY1pzsrSjqA9LDEEgdB/KypIlR59RcLuHYw==
  dependencies:
    type "^2.7.2"

fetch-blob@^3.1.2, fetch-blob@^3.1.4:
  version "3.2.0"
  resolved "https://registry.yarnpkg.com/fetch-blob/-/fetch-blob-3.2.0.tgz#f09b8d4bbd45adc6f0c20b7e787e793e309dcce9"
  integrity sha512-7yAQpD2UMJzLi1Dqv7qFYnPbaPx7ZfFK6PiIxQ4PfkGPyNyl2Ugx+a/umUonmKqjhM4DnfbMvdX6otXq83soQQ==
  dependencies:
    node-domexception "^1.0.0"
    web-streams-polyfill "^3.0.3"

form-data@^3.0.0:
  version "3.0.1"
  resolved "https://registry.yarnpkg.com/form-data/-/form-data-3.0.1.tgz#ebd53791b78356a99af9a300d4282c4d5eb9755f"
  integrity sha512-RHkBKtLWUVwd7SqRIvCZMEvAMoGUp0XU+seQiZejj0COz3RI3hWP4sCv3gZWWLjJTd7rGwcsF5eKZGii0r/hbg==
  dependencies:
    asynckit "^0.4.0"
    combined-stream "^1.0.8"
    mime-types "^2.1.12"

formdata-polyfill@^4.0.10:
  version "4.0.10"
  resolved "https://registry.yarnpkg.com/formdata-polyfill/-/formdata-polyfill-4.0.10.tgz#24807c31c9d402e002ab3d8c720144ceb8848423"
  integrity sha512-buewHzMvYL29jdeQTVILecSaZKnt/RJWjoZCF5OW60Z67/GmSLBkOFM7qh1PI3zFNtJbaZL5eQu1vLfazOwj4g==
  dependencies:
    fetch-blob "^3.1.2"

is-typedarray@^1.0.0:
  version "1.0.0"
  resolved "https://registry.yarnpkg.com/is-typedarray/-/is-typedarray-1.0.0.tgz#e479c80858df0c1b11ddda6940f96011fcda4a9a"
  integrity sha512-cyA56iCMHAh5CdzjJIa4aohJyeO1YbwLi3Jc35MmRU6poroFjIGZzUzupGiRPOjgHg9TLu43xbpwXk523fMxKA==

json-stringify-safe@^5.0.1:
  version "5.0.1"
  resolved "https://registry.yarnpkg.com/json-stringify-safe/-/json-stringify-safe-5.0.1.tgz#1296a2d58fd45f19a0f6ce01d65701e2c735b6eb"
  integrity sha512-ZClg6AaYvamvYEE82d3Iyd3vSSIjQ+odgjaTzRuO3s7toCdFKczob2i0zCh7JE8kWn17yvAWhUVxvqGwUalsRA==

lodash@^4.17.21:
  version "4.17.21"
  resolved "https://registry.yarnpkg.com/lodash/-/lodash-4.17.21.tgz#679591c564c3bffaae8454cf0b3df370c3d6911c"
  integrity sha512-v2kDEe57lecTulaDIuNTPy3Ry4gLGJ6Z1O3vE1krgXZNrsQ+LFTGHVxVjcXPs17LhbZVGedAJv8XZ1tvj5FvSg==

mime-db@1.52.0:
  version "1.52.0"
  resolved "https://registry.yarnpkg.com/mime-db/-/mime-db-1.52.0.tgz#bbabcdc02859f4987301c856e3387ce5ec43bf70"
  integrity sha512-sPU4uV7dYlvtWJxwwxHD0PuihVNiE7TyAbQ5SWxDCB9mUYvOgroQOwYQQOKPJ8CIbE+1ETVlOoK1UC2nU3gYvg==

mime-types@^2.1.12:
  version "2.1.35"
  resolved "https://registry.yarnpkg.com/mime-types/-/mime-types-2.1.35.tgz#381a871b62a734450660ae3deee44813f70d959a"
  integrity sha512-ZDY+bPm5zTTF+YpCrAU9nK0UgICYPT0QtT1NZWFv4s++TNkcgVaT0g6+4R2uI4MjQjzysHB1zxuWL50hzaeXiw==
  dependencies:
    mime-db "1.52.0"

mock-socket@^9.1.5:
  version "9.1.5"
  resolved "https://registry.yarnpkg.com/mock-socket/-/mock-socket-9.1.5.tgz#2c4e44922ad556843b6dfe09d14ed8041fa2cdeb"
  integrity sha512-3DeNIcsQixWHHKk6NdoBhWI4t1VMj5/HzfnI1rE/pLl5qKx7+gd4DNA07ehTaZ6MoUU053si6Hd+YtiM/tQZfg==

ms@2.0.0:
  version "2.0.0"
  resolved "https://registry.yarnpkg.com/ms/-/ms-2.0.0.tgz#5608aeadfc00be6c2901df5f9861788de0d597c8"
  integrity sha512-Tpp60P6IUJDTuOq/5Z8cdskzJujfwqfOTkrwIwj7IRISpnkJnT6SyJ4PCPnGMoFjC9ddhal5KVIYtAt97ix05A==

ms@2.1.2:
  version "2.1.2"
  resolved "https://registry.yarnpkg.com/ms/-/ms-2.1.2.tgz#d09d1f357b443f493382a8eb3ccd183872ae6009"
  integrity sha512-sGkPx+VjMtmA6MX27oA4FBFELFCZZ4S4XqeGOXCv68tT+jb3vk/RyaKWP0PTKyWtmLSM0b+adUTEvbs1PEaH2w==

next-tick@^1.1.0:
  version "1.1.0"
  resolved "https://registry.yarnpkg.com/next-tick/-/next-tick-1.1.0.tgz#1836ee30ad56d67ef281b22bd199f709449b35eb"
  integrity sha512-CXdUiJembsNjuToQvxayPZF9Vqht7hewsvy2sOWafLvi2awflj9mOC6bHIg50orX8IJvWKY9wYQ/zB2kogPslQ==

nock@^13.2.9:
  version "13.2.9"
  resolved "https://registry.yarnpkg.com/nock/-/nock-13.2.9.tgz#4faf6c28175d36044da4cfa68e33e5a15086ad4c"
  integrity sha512-1+XfJNYF1cjGB+TKMWi29eZ0b82QOvQs2YoLNzbpWGqFMtRQHTa57osqdGj4FrFPgkO4D4AZinzUJR9VvW3QUA==
  dependencies:
    debug "^4.1.0"
    json-stringify-safe "^5.0.1"
    lodash "^4.17.21"
    propagate "^2.0.0"

node-domexception@^1.0.0:
  version "1.0.0"
  resolved "https://registry.yarnpkg.com/node-domexception/-/node-domexception-1.0.0.tgz#6888db46a1f71c0b76b3f7555016b63fe64766e5"
  integrity sha512-/jKZoMpw0F8GRwl4/eLROPA3cfcXtLApP0QzLmUT/HuPCZWyB7IY9ZrMeKw2O/nFIqPQB3PVM9aYm0F312AXDQ==

node-fetch@^3.2.10:
  version "3.2.10"
  resolved "https://registry.yarnpkg.com/node-fetch/-/node-fetch-3.2.10.tgz#e8347f94b54ae18b57c9c049ef641cef398a85c8"
  integrity sha512-MhuzNwdURnZ1Cp4XTazr69K0BTizsBroX7Zx3UgDSVcZYKF/6p0CBe4EUb/hLqmzVhl0UpYfgRljQ4yxE+iCxA==
  dependencies:
    data-uri-to-buffer "^4.0.0"
    fetch-blob "^3.1.4"
    formdata-polyfill "^4.0.10"

node-gyp-build@^4.3.0:
  version "4.5.0"
  resolved "https://registry.yarnpkg.com/node-gyp-build/-/node-gyp-build-4.5.0.tgz#7a64eefa0b21112f89f58379da128ac177f20e40"
  integrity sha512-2iGbaQBV+ITgCz76ZEjmhUKAKVf7xfY1sRl4UiKQspfZMH2h06SyhNsnSVy50cwkFQDGLyif6m/6uFXHkOZ6rg==

pako@^2.0.4:
  version "2.0.4"
  resolved "https://registry.yarnpkg.com/pako/-/pako-2.0.4.tgz#6cebc4bbb0b6c73b0d5b8d7e8476e2b2fbea576d"
  integrity sha512-v8tweI900AUkZN6heMU/4Uy4cXRc2AYNRggVmTR+dEncawDJgCdLMximOVA2p4qO57WMynangsfGRb5WD6L1Bg==

propagate@^2.0.0:
  version "2.0.1"
  resolved "https://registry.yarnpkg.com/propagate/-/propagate-2.0.1.tgz#40cdedab18085c792334e64f0ac17256d38f9a45"
  integrity sha512-vGrhOavPSTz4QVNuBNdcNXePNdNMaO1xj9yBeH1ScQPjk/rhg9sSlCXPhMkFuaNNW/syTvYqsnbIJxMBfRbbag==

regenerator-runtime@^0.13.4:
  version "0.13.9"
  resolved "https://registry.yarnpkg.com/regenerator-runtime/-/regenerator-runtime-0.13.9.tgz#8925742a98ffd90814988d7566ad30ca3b263b52"
  integrity sha512-p3VT+cOEgxFsRRA9X4lkI1E+k2/CtnKtU4gcxyaCUreilL/vqI6CdZ3wxVUx3UOUg+gnUOQQcRI7BmSI656MYA==

rxjs@^7.5.7:
  version "7.5.7"
  resolved "https://registry.yarnpkg.com/rxjs/-/rxjs-7.5.7.tgz#2ec0d57fdc89ece220d2e702730ae8f1e49def39"
  integrity sha512-z9MzKh/UcOqB3i20H6rtrlaE/CgjLOvheWK/9ILrbhROGTweAi1BaFsTT9FbwZi5Trr1qNRs+MXkhmR06awzQA==
  dependencies:
    tslib "^2.1.0"

tslib@^2.1.0:
  version "2.4.0"
  resolved "https://registry.yarnpkg.com/tslib/-/tslib-2.4.0.tgz#7cecaa7f073ce680a05847aa77be941098f36dc3"
  integrity sha512-d6xOpEDfsi2CZVlPQzGeux8XMwLT9hssAsaPYExaQMuYskwb+x1x7J371tWlbBdWHroy99KnVB6qIkUbs5X3UQ==

tweetnacl@1.x.x, tweetnacl@^1.0.3:
  version "1.0.3"
  resolved "https://registry.yarnpkg.com/tweetnacl/-/tweetnacl-1.0.3.tgz#ac0af71680458d8a6378d0d0d050ab1407d35596"
  integrity sha512-6rt+RN7aOi1nGMyC4Xa5DdYiukl2UWCbcJft7YhxReBGQD7OAM8Pbxw6YMo4r2diNEA8FEmu32YOn9rhaiE5yw==

type@^1.0.1:
  version "1.2.0"
  resolved "https://registry.yarnpkg.com/type/-/type-1.2.0.tgz#848dd7698dafa3e54a6c479e759c4bc3f18847a0"
  integrity sha512-+5nt5AAniqsCnu2cEQQdpzCAh33kVx8n0VoFidKpB1dVVLAN/F+bgVOqOJqOnEnrhp222clB5p3vUlD+1QAnfg==

type@^2.7.2:
  version "2.7.2"
  resolved "https://registry.yarnpkg.com/type/-/type-2.7.2.tgz#2376a15a3a28b1efa0f5350dcf72d24df6ef98d0"
  integrity sha512-dzlvlNlt6AXU7EBSfpAscydQ7gXB+pPGsPnfJnZpiNJBDj7IaJzQlBZYGdEi4R9HmPdBv2XmWJ6YUtoTa7lmCw==

typedarray-to-buffer@^3.1.5:
  version "3.1.5"
  resolved "https://registry.yarnpkg.com/typedarray-to-buffer/-/typedarray-to-buffer-3.1.5.tgz#a97ee7a9ff42691b9f783ff1bc5112fe3fca9080"
  integrity sha512-zdu8XMNEDepKKR+XYOXAVPtWui0ly0NtohUscw+UmaHiAWT8hrV1rr//H6V+0DvJ3OQ19S979M0laLfX8rm82Q==
  dependencies:
    is-typedarray "^1.0.0"

utf-8-validate@^5.0.2:
  version "5.0.9"
  resolved "https://registry.yarnpkg.com/utf-8-validate/-/utf-8-validate-5.0.9.tgz#ba16a822fbeedff1a58918f2a6a6b36387493ea3"
  integrity sha512-Yek7dAy0v3Kl0orwMlvi7TPtiCNrdfHNd7Gcc/pLq4BLXqfAmd0J7OWMizUQnTTJsyjKn02mU7anqwfmUP4J8Q==
  dependencies:
    node-gyp-build "^4.3.0"

web-streams-polyfill@^3.0.3:
  version "3.2.1"
  resolved "https://registry.yarnpkg.com/web-streams-polyfill/-/web-streams-polyfill-3.2.1.tgz#71c2718c52b45fd49dbeee88634b3a60ceab42a6"
  integrity sha512-e0MO3wdXWKrLbL0DgGnUV7WHVuw9OUvL4hjgnPkIeEvESk74gAITi5G606JtZPp39cd8HA9VQzCIvA49LpPN5Q==

websocket@^1.0.34:
  version "1.0.34"
  resolved "https://registry.yarnpkg.com/websocket/-/websocket-1.0.34.tgz#2bdc2602c08bf2c82253b730655c0ef7dcab3111"
  integrity sha512-PRDso2sGwF6kM75QykIesBijKSVceR6jL2G8NGYyq2XrItNC2P5/qL5XeR056GhA+Ly7JMFvJb9I312mJfmqnQ==
  dependencies:
    bufferutil "^4.0.1"
    debug "^2.2.0"
    es5-ext "^0.10.50"
    typedarray-to-buffer "^3.1.5"
    utf-8-validate "^5.0.2"
    yaeti "^0.0.6"

ws@^8.8.1:
  version "8.9.0"
  resolved "https://registry.yarnpkg.com/ws/-/ws-8.9.0.tgz#2a994bb67144be1b53fe2d23c53c028adeb7f45e"
  integrity sha512-Ja7nszREasGaYUYCI2k4lCKIRTt+y7XuqVoHR44YpI49TtryyqbqvDMn5eqfW7e6HzTukDRIsXqzVHScqRcafg==

yaeti@^0.0.6:
  version "0.0.6"
  resolved "https://registry.yarnpkg.com/yaeti/-/yaeti-0.0.6.tgz#f26f484d72684cf42bedfb76970aa1608fbf9577"
  integrity sha512-MvQa//+KcZCUkBTIC9blM+CU9J2GzuTytsOUwf2lidtvkx/6gnEp1QvJv34t9vdjhFmha/mUiNDbN0D0mJWdug==
